dependencies:
- name: common
  repository: file://./charts/common
  version: 1.0.0
- name: backend
  repository: file://./charts/backend
  version: 1.0.0
- name: frontend
  repository: file://./charts/frontend
  version: 1.0.0
digest: sha256:0efe973c9fd547f2c923fbaec2a350d282776eb42fdfcf9de852dbfa127dfb00
generated: "2024-09-27T10:15:37.936794+02:00"
